
Microsoft Visual Studio Solution File, Format Version 12.00
# Visual Studio Version 16
VisualStudioVersion = 16.0.29102.190
MinimumVisualStudioVersion = 10.0.40219.1
Project("{888888A0-9F3D-457C-B088-3A5042F75D52}") = "dolgozat", "dolgozat\dolgozat.pyproj", "{F27FE363-9183-4B13-AA1B-5F9BA72CCE23}"
EndProject
Global
	GlobalSection(SolutionConfigurationPlatforms) = preSolution
		Debug|Any CPU = Debug|Any CPU
		Release|Any CPU = Release|Any CPU
	EndGlobalSection
	GlobalSection(ProjectConfigurationPlatforms) = postSolution
		{F27FE363-9183-4B13-AA1B-5F9BA72CCE23}.Debug|Any CPU.ActiveCfg = Debug|Any CPU
		{F27FE363-9183-4B13-AA1B-5F9BA72CCE23}.Release|Any CPU.ActiveCfg = Release|Any CPU
	EndGlobalSection
	GlobalSection(SolutionProperties) = preSolution
		HideSolutionNode = FALSE
	EndGlobalSection
	GlobalSection(ExtensibilityGlobals) = postSolution
		SolutionGuid = {2D79E88A-8458-40E5-AEAF-EA512ABE0C36}
	EndGlobalSection
EndGlobal
